
Microsoft Visual Studio Solution File, Format Version 12.00
# Visual Studio Version 17
VisualStudioVersion = 17.5.2.0
MinimumVisualStudioVersion = 10.0.40219.1
Project("{FAE04EC0-301F-11D3-BF4B-00C04F79EFBC}") = "D1P1-OperationDecorateNorthPole", "D1P1-OperationDecorateNorthPole\D1P1-OperationDecorateNorthPole.csproj", "{6BE2C21B-4D76-0DA2-328E-75D0E6B4810B}"
EndProject
Project("{FAE04EC0-301F-11D3-BF4B-00C04F79EFBC}") = "D2-GiftShopMadness", "D2-GiftShopMadness\D2-GiftShopMadness.csproj", "{D3F6ECB0-05BD-4683-A90B-807904CEF98B}"
EndProject
Project("{FAE04EC0-301F-11D3-BF4B-00C04F79EFBC}") = "D3-PowerLifting", "D3-PowerLifting\D3-PowerLifting.csproj", "{FE5E45AC-85FD-485E-A43E-ADB470BE4867}"
EndProject
Global
	GlobalSection(SolutionConfigurationPlatforms) = preSolution
		Debug|Any CPU = Debug|Any CPU
		Debug|x64 = Debug|x64
		Debug|x86 = Debug|x86
		Release|Any CPU = Release|Any CPU
		Release|x64 = Release|x64
		Release|x86 = Release|x86
	EndGlobalSection
	GlobalSection(ProjectConfigurationPlatforms) = postSolution
		{6BE2C21B-4D76-0DA2-328E-75D0E6B4810B}.Debug|Any CPU.ActiveCfg = Debug|Any CPU
		{6BE2C21B-4D76-0DA2-328E-75D0E6B4810B}.Debug|Any CPU.Build.0 = Debug|Any CPU
		{6BE2C21B-4D76-0DA2-328E-75D0E6B4810B}.Debug|x64.ActiveCfg = Debug|Any CPU
		{6BE2C21B-4D76-0DA2-328E-75D0E6B4810B}.Debug|x64.Build.0 = Debug|Any CPU
		{6BE2C21B-4D76-0DA2-328E-75D0E6B4810B}.Debug|x86.ActiveCfg = Debug|Any CPU
		{6BE2C21B-4D76-0DA2-328E-75D0E6B4810B}.Debug|x86.Build.0 = Debug|Any CPU
		{6BE2C21B-4D76-0DA2-328E-75D0E6B4810B}.Release|Any CPU.ActiveCfg = Release|Any CPU
		{6BE2C21B-4D76-0DA2-328E-75D0E6B4810B}.Release|Any CPU.Build.0 = Release|Any CPU
		{6BE2C21B-4D76-0DA2-328E-75D0E6B4810B}.Release|x64.ActiveCfg = Release|Any CPU
		{6BE2C21B-4D76-0DA2-328E-75D0E6B4810B}.Release|x64.Build.0 = Release|Any CPU
		{6BE2C21B-4D76-0DA2-328E-75D0E6B4810B}.Release|x86.ActiveCfg = Release|Any CPU
		{6BE2C21B-4D76-0DA2-328E-75D0E6B4810B}.Release|x86.Build.0 = Release|Any CPU
		{D3F6ECB0-05BD-4683-A90B-807904CEF98B}.Debug|Any CPU.ActiveCfg = Debug|Any CPU
		{D3F6ECB0-05BD-4683-A90B-807904CEF98B}.Debug|Any CPU.Build.0 = Debug|Any CPU
		{D3F6ECB0-05BD-4683-A90B-807904CEF98B}.Debug|x64.ActiveCfg = Debug|Any CPU
		{D3F6ECB0-05BD-4683-A90B-807904CEF98B}.Debug|x64.Build.0 = Debug|Any CPU
		{D3F6ECB0-05BD-4683-A90B-807904CEF98B}.Debug|x86.ActiveCfg = Debug|Any CPU
		{D3F6ECB0-05BD-4683-A90B-807904CEF98B}.Debug|x86.Build.0 = Debug|Any CPU
		{D3F6ECB0-05BD-4683-A90B-807904CEF98B}.Release|Any CPU.ActiveCfg = Release|Any CPU
		{D3F6ECB0-05BD-4683-A90B-807904CEF98B}.Release|Any CPU.Build.0 = Release|Any CPU
		{D3F6ECB0-05BD-4683-A90B-807904CEF98B}.Release|x64.ActiveCfg = Release|Any CPU
		{D3F6ECB0-05BD-4683-A90B-807904CEF98B}.Release|x64.Build.0 = Release|Any CPU
		{D3F6ECB0-05BD-4683-A90B-807904CEF98B}.Release|x86.ActiveCfg = Release|Any CPU
		{D3F6ECB0-05BD-4683-A90B-807904CEF98B}.Release|x86.Build.0 = Release|Any CPU
		{FE5E45AC-85FD-485E-A43E-ADB470BE4867}.Debug|Any CPU.ActiveCfg = Debug|Any CPU
		{FE5E45AC-85FD-485E-A43E-ADB470BE4867}.Debug|Any CPU.Build.0 = Debug|Any CPU
		{FE5E45AC-85FD-485E-A43E-ADB470BE4867}.Debug|x64.ActiveCfg = Debug|Any CPU
		{FE5E45AC-85FD-485E-A43E-ADB470BE4867}.Debug|x64.Build.0 = Debug|Any CPU
		{FE5E45AC-85FD-485E-A43E-ADB470BE4867}.Debug|x86.ActiveCfg = Debug|Any CPU
		{FE5E45AC-85FD-485E-A43E-ADB470BE4867}.Debug|x86.Build.0 = Debug|Any CPU
		{FE5E45AC-85FD-485E-A43E-ADB470BE4867}.Release|Any CPU.ActiveCfg = Release|Any CPU
		{FE5E45AC-85FD-485E-A43E-ADB470BE4867}.Release|Any CPU.Build.0 = Release|Any CPU
		{FE5E45AC-85FD-485E-A43E-ADB470BE4867}.Release|x64.ActiveCfg = Release|Any CPU
		{FE5E45AC-85FD-485E-A43E-ADB470BE4867}.Release|x64.Build.0 = Release|Any CPU
		{FE5E45AC-85FD-485E-A43E-ADB470BE4867}.Release|x86.ActiveCfg = Release|Any CPU
		{FE5E45AC-85FD-485E-A43E-ADB470BE4867}.Release|x86.Build.0 = Release|Any CPU
	EndGlobalSection
	GlobalSection(SolutionProperties) = preSolution
		HideSolutionNode = FALSE
	EndGlobalSection
	GlobalSection(ExtensibilityGlobals) = postSolution
		SolutionGuid = {9102F1EE-2496-4237-BA29-1840084D0F91}
	EndGlobalSection
EndGlobal
