
Microsoft Visual Studio Solution File, Format Version 12.00
# Visual Studio Version 17
VisualStudioVersion = 17.5.2.0
MinimumVisualStudioVersion = 10.0.40219.1
Project("{FAE04EC0-301F-11D3-BF4B-00C04F79EFBC}") = "D1P1-OperationDecorateNorthPole", "D1P1-OperationDecorateNorthPole\D1P1-OperationDecorateNorthPole.csproj", "{6BE2C21B-4D76-0DA2-328E-75D0E6B4810B}"
EndProject
Project("{FAE04EC0-301F-11D3-BF4B-00C04F79EFBC}") = "D2-GiftShopMadness", "D2-GiftShopMadness\D2-GiftShopMadness.csproj", "{D3F6ECB0-05BD-4683-A90B-807904CEF98B}"
EndProject
Project("{FAE04EC0-301F-11D3-BF4B-00C04F79EFBC}") = "D3-PowerLifting", "D3-PowerLifting\D3-PowerLifting.csproj", "{FE5E45AC-85FD-485E-A43E-ADB470BE4867}"
EndProject
Project("{FAE04EC0-301F-11D3-BF4B-00C04F79EFBC}") = "D4-PaperCaper", "D4-PaperCaper\D4-PaperCaper.csproj", "{31DFB7E2-A64B-435C-8EDA-7A1F4565CAE7}"
EndProject
Project("{FAE04EC0-301F-11D3-BF4B-00C04F79EFBC}") = "D5-CluelessKitchenhands", "D5-CluelessKitchenhands\D5-CluelessKitchenhands.csproj", "{E6DAEF43-B02B-4FF8-AB2F-294EF770B666}"
EndProject
Project("{FAE04EC0-301F-11D3-BF4B-00C04F79EFBC}") = "D6-SquidGame", "D6-SquidGame\D6-SquidGame.csproj", "{84EBC4E6-5381-4B5A-98CF-555EC67FA0D0}"
EndProject
Project("{FAE04EC0-301F-11D3-BF4B-00C04F79EFBC}") = "D7-TachyTech", "D7-TachyTech\D7-TachyTech.csproj", "{DA4D183F-E49D-4651-B1DF-5447E6DCD581}"
EndProject
Project("{FAE04EC0-301F-11D3-BF4B-00C04F79EFBC}") = "D8-CircuitCircus", "D8-CircuitCircus\D8-CircuitCircus.csproj", "{794DD748-B112-4836-B694-3ED6B3B945E6}"
EndProject
Project("{FAE04EC0-301F-11D3-BF4B-00C04F79EFBC}") = "D9-SquareDanceTileTango", "D9-SquareDanceTileTango\D9-SquareDanceTileTango.csproj", "{16365628-4D8F-42DB-9253-7297B919B74A}"
EndProject
Global
	GlobalSection(SolutionConfigurationPlatforms) = preSolution
		Debug|Any CPU = Debug|Any CPU
		Debug|x64 = Debug|x64
		Debug|x86 = Debug|x86
		Release|Any CPU = Release|Any CPU
		Release|x64 = Release|x64
		Release|x86 = Release|x86
	EndGlobalSection
	GlobalSection(ProjectConfigurationPlatforms) = postSolution
		{6BE2C21B-4D76-0DA2-328E-75D0E6B4810B}.Debug|Any CPU.ActiveCfg = Debug|Any CPU
		{6BE2C21B-4D76-0DA2-328E-75D0E6B4810B}.Debug|Any CPU.Build.0 = Debug|Any CPU
		{6BE2C21B-4D76-0DA2-328E-75D0E6B4810B}.Debug|x64.ActiveCfg = Debug|Any CPU
		{6BE2C21B-4D76-0DA2-328E-75D0E6B4810B}.Debug|x64.Build.0 = Debug|Any CPU
		{6BE2C21B-4D76-0DA2-328E-75D0E6B4810B}.Debug|x86.ActiveCfg = Debug|Any CPU
		{6BE2C21B-4D76-0DA2-328E-75D0E6B4810B}.Debug|x86.Build.0 = Debug|Any CPU
		{6BE2C21B-4D76-0DA2-328E-75D0E6B4810B}.Release|Any CPU.ActiveCfg = Release|Any CPU
		{6BE2C21B-4D76-0DA2-328E-75D0E6B4810B}.Release|Any CPU.Build.0 = Release|Any CPU
		{6BE2C21B-4D76-0DA2-328E-75D0E6B4810B}.Release|x64.ActiveCfg = Release|Any CPU
		{6BE2C21B-4D76-0DA2-328E-75D0E6B4810B}.Release|x64.Build.0 = Release|Any CPU
		{6BE2C21B-4D76-0DA2-328E-75D0E6B4810B}.Release|x86.ActiveCfg = Release|Any CPU
		{6BE2C21B-4D76-0DA2-328E-75D0E6B4810B}.Release|x86.Build.0 = Release|Any CPU
		{D3F6ECB0-05BD-4683-A90B-807904CEF98B}.Debug|Any CPU.ActiveCfg = Debug|Any CPU
		{D3F6ECB0-05BD-4683-A90B-807904CEF98B}.Debug|Any CPU.Build.0 = Debug|Any CPU
		{D3F6ECB0-05BD-4683-A90B-807904CEF98B}.Debug|x64.ActiveCfg = Debug|Any CPU
		{D3F6ECB0-05BD-4683-A90B-807904CEF98B}.Debug|x64.Build.0 = Debug|Any CPU
		{D3F6ECB0-05BD-4683-A90B-807904CEF98B}.Debug|x86.ActiveCfg = Debug|Any CPU
		{D3F6ECB0-05BD-4683-A90B-807904CEF98B}.Debug|x86.Build.0 = Debug|Any CPU
		{D3F6ECB0-05BD-4683-A90B-807904CEF98B}.Release|Any CPU.ActiveCfg = Release|Any CPU
		{D3F6ECB0-05BD-4683-A90B-807904CEF98B}.Release|Any CPU.Build.0 = Release|Any CPU
		{D3F6ECB0-05BD-4683-A90B-807904CEF98B}.Release|x64.ActiveCfg = Release|Any CPU
		{D3F6ECB0-05BD-4683-A90B-807904CEF98B}.Release|x64.Build.0 = Release|Any CPU
		{D3F6ECB0-05BD-4683-A90B-807904CEF98B}.Release|x86.ActiveCfg = Release|Any CPU
		{D3F6ECB0-05BD-4683-A90B-807904CEF98B}.Release|x86.Build.0 = Release|Any CPU
		{FE5E45AC-85FD-485E-A43E-ADB470BE4867}.Debug|Any CPU.ActiveCfg = Debug|Any CPU
		{FE5E45AC-85FD-485E-A43E-ADB470BE4867}.Debug|Any CPU.Build.0 = Debug|Any CPU
		{FE5E45AC-85FD-485E-A43E-ADB470BE4867}.Debug|x64.ActiveCfg = Debug|Any CPU
		{FE5E45AC-85FD-485E-A43E-ADB470BE4867}.Debug|x64.Build.0 = Debug|Any CPU
		{FE5E45AC-85FD-485E-A43E-ADB470BE4867}.Debug|x86.ActiveCfg = Debug|Any CPU
		{FE5E45AC-85FD-485E-A43E-ADB470BE4867}.Debug|x86.Build.0 = Debug|Any CPU
		{FE5E45AC-85FD-485E-A43E-ADB470BE4867}.Release|Any CPU.ActiveCfg = Release|Any CPU
		{FE5E45AC-85FD-485E-A43E-ADB470BE4867}.Release|Any CPU.Build.0 = Release|Any CPU
		{FE5E45AC-85FD-485E-A43E-ADB470BE4867}.Release|x64.ActiveCfg = Release|Any CPU
		{FE5E45AC-85FD-485E-A43E-ADB470BE4867}.Release|x64.Build.0 = Release|Any CPU
		{FE5E45AC-85FD-485E-A43E-ADB470BE4867}.Release|x86.ActiveCfg = Release|Any CPU
		{FE5E45AC-85FD-485E-A43E-ADB470BE4867}.Release|x86.Build.0 = Release|Any CPU
		{31DFB7E2-A64B-435C-8EDA-7A1F4565CAE7}.Debug|Any CPU.ActiveCfg = Debug|Any CPU
		{31DFB7E2-A64B-435C-8EDA-7A1F4565CAE7}.Debug|Any CPU.Build.0 = Debug|Any CPU
		{31DFB7E2-A64B-435C-8EDA-7A1F4565CAE7}.Debug|x64.ActiveCfg = Debug|Any CPU
		{31DFB7E2-A64B-435C-8EDA-7A1F4565CAE7}.Debug|x64.Build.0 = Debug|Any CPU
		{31DFB7E2-A64B-435C-8EDA-7A1F4565CAE7}.Debug|x86.ActiveCfg = Debug|Any CPU
		{31DFB7E2-A64B-435C-8EDA-7A1F4565CAE7}.Debug|x86.Build.0 = Debug|Any CPU
		{31DFB7E2-A64B-435C-8EDA-7A1F4565CAE7}.Release|Any CPU.ActiveCfg = Release|Any CPU
		{31DFB7E2-A64B-435C-8EDA-7A1F4565CAE7}.Release|Any CPU.Build.0 = Release|Any CPU
		{31DFB7E2-A64B-435C-8EDA-7A1F4565CAE7}.Release|x64.ActiveCfg = Release|Any CPU
		{31DFB7E2-A64B-435C-8EDA-7A1F4565CAE7}.Release|x64.Build.0 = Release|Any CPU
		{31DFB7E2-A64B-435C-8EDA-7A1F4565CAE7}.Release|x86.ActiveCfg = Release|Any CPU
		{31DFB7E2-A64B-435C-8EDA-7A1F4565CAE7}.Release|x86.Build.0 = Release|Any CPU
		{E6DAEF43-B02B-4FF8-AB2F-294EF770B666}.Debug|Any CPU.ActiveCfg = Debug|Any CPU
		{E6DAEF43-B02B-4FF8-AB2F-294EF770B666}.Debug|Any CPU.Build.0 = Debug|Any CPU
		{E6DAEF43-B02B-4FF8-AB2F-294EF770B666}.Debug|x64.ActiveCfg = Debug|Any CPU
		{E6DAEF43-B02B-4FF8-AB2F-294EF770B666}.Debug|x64.Build.0 = Debug|Any CPU
		{E6DAEF43-B02B-4FF8-AB2F-294EF770B666}.Debug|x86.ActiveCfg = Debug|Any CPU
		{E6DAEF43-B02B-4FF8-AB2F-294EF770B666}.Debug|x86.Build.0 = Debug|Any CPU
		{E6DAEF43-B02B-4FF8-AB2F-294EF770B666}.Release|Any CPU.ActiveCfg = Release|Any CPU
		{E6DAEF43-B02B-4FF8-AB2F-294EF770B666}.Release|Any CPU.Build.0 = Release|Any CPU
		{E6DAEF43-B02B-4FF8-AB2F-294EF770B666}.Release|x64.ActiveCfg = Release|Any CPU
		{E6DAEF43-B02B-4FF8-AB2F-294EF770B666}.Release|x64.Build.0 = Release|Any CPU
		{E6DAEF43-B02B-4FF8-AB2F-294EF770B666}.Release|x86.ActiveCfg = Release|Any CPU
		{E6DAEF43-B02B-4FF8-AB2F-294EF770B666}.Release|x86.Build.0 = Release|Any CPU
		{84EBC4E6-5381-4B5A-98CF-555EC67FA0D0}.Debug|Any CPU.ActiveCfg = Debug|Any CPU
		{84EBC4E6-5381-4B5A-98CF-555EC67FA0D0}.Debug|Any CPU.Build.0 = Debug|Any CPU
		{84EBC4E6-5381-4B5A-98CF-555EC67FA0D0}.Debug|x64.ActiveCfg = Debug|Any CPU
		{84EBC4E6-5381-4B5A-98CF-555EC67FA0D0}.Debug|x64.Build.0 = Debug|Any CPU
		{84EBC4E6-5381-4B5A-98CF-555EC67FA0D0}.Debug|x86.ActiveCfg = Debug|Any CPU
		{84EBC4E6-5381-4B5A-98CF-555EC67FA0D0}.Debug|x86.Build.0 = Debug|Any CPU
		{84EBC4E6-5381-4B5A-98CF-555EC67FA0D0}.Release|Any CPU.ActiveCfg = Release|Any CPU
		{84EBC4E6-5381-4B5A-98CF-555EC67FA0D0}.Release|Any CPU.Build.0 = Release|Any CPU
		{84EBC4E6-5381-4B5A-98CF-555EC67FA0D0}.Release|x64.ActiveCfg = Release|Any CPU
		{84EBC4E6-5381-4B5A-98CF-555EC67FA0D0}.Release|x64.Build.0 = Release|Any CPU
		{84EBC4E6-5381-4B5A-98CF-555EC67FA0D0}.Release|x86.ActiveCfg = Release|Any CPU
		{84EBC4E6-5381-4B5A-98CF-555EC67FA0D0}.Release|x86.Build.0 = Release|Any CPU
		{DA4D183F-E49D-4651-B1DF-5447E6DCD581}.Debug|Any CPU.ActiveCfg = Debug|Any CPU
		{DA4D183F-E49D-4651-B1DF-5447E6DCD581}.Debug|Any CPU.Build.0 = Debug|Any CPU
		{DA4D183F-E49D-4651-B1DF-5447E6DCD581}.Debug|x64.ActiveCfg = Debug|Any CPU
		{DA4D183F-E49D-4651-B1DF-5447E6DCD581}.Debug|x64.Build.0 = Debug|Any CPU
		{DA4D183F-E49D-4651-B1DF-5447E6DCD581}.Debug|x86.ActiveCfg = Debug|Any CPU
		{DA4D183F-E49D-4651-B1DF-5447E6DCD581}.Debug|x86.Build.0 = Debug|Any CPU
		{DA4D183F-E49D-4651-B1DF-5447E6DCD581}.Release|Any CPU.ActiveCfg = Release|Any CPU
		{DA4D183F-E49D-4651-B1DF-5447E6DCD581}.Release|Any CPU.Build.0 = Release|Any CPU
		{DA4D183F-E49D-4651-B1DF-5447E6DCD581}.Release|x64.ActiveCfg = Release|Any CPU
		{DA4D183F-E49D-4651-B1DF-5447E6DCD581}.Release|x64.Build.0 = Release|Any CPU
		{DA4D183F-E49D-4651-B1DF-5447E6DCD581}.Release|x86.ActiveCfg = Release|Any CPU
		{DA4D183F-E49D-4651-B1DF-5447E6DCD581}.Release|x86.Build.0 = Release|Any CPU
		{794DD748-B112-4836-B694-3ED6B3B945E6}.Debug|Any CPU.ActiveCfg = Debug|Any CPU
		{794DD748-B112-4836-B694-3ED6B3B945E6}.Debug|Any CPU.Build.0 = Debug|Any CPU
		{794DD748-B112-4836-B694-3ED6B3B945E6}.Debug|x64.ActiveCfg = Debug|Any CPU
		{794DD748-B112-4836-B694-3ED6B3B945E6}.Debug|x64.Build.0 = Debug|Any CPU
		{794DD748-B112-4836-B694-3ED6B3B945E6}.Debug|x86.ActiveCfg = Debug|Any CPU
		{794DD748-B112-4836-B694-3ED6B3B945E6}.Debug|x86.Build.0 = Debug|Any CPU
		{794DD748-B112-4836-B694-3ED6B3B945E6}.Release|Any CPU.ActiveCfg = Release|Any CPU
		{794DD748-B112-4836-B694-3ED6B3B945E6}.Release|Any CPU.Build.0 = Release|Any CPU
		{794DD748-B112-4836-B694-3ED6B3B945E6}.Release|x64.ActiveCfg = Release|Any CPU
		{794DD748-B112-4836-B694-3ED6B3B945E6}.Release|x64.Build.0 = Release|Any CPU
		{794DD748-B112-4836-B694-3ED6B3B945E6}.Release|x86.ActiveCfg = Release|Any CPU
		{794DD748-B112-4836-B694-3ED6B3B945E6}.Release|x86.Build.0 = Release|Any CPU
		{16365628-4D8F-42DB-9253-7297B919B74A}.Debug|Any CPU.ActiveCfg = Debug|Any CPU
		{16365628-4D8F-42DB-9253-7297B919B74A}.Debug|Any CPU.Build.0 = Debug|Any CPU
		{16365628-4D8F-42DB-9253-7297B919B74A}.Debug|x64.ActiveCfg = Debug|Any CPU
		{16365628-4D8F-42DB-9253-7297B919B74A}.Debug|x64.Build.0 = Debug|Any CPU
		{16365628-4D8F-42DB-9253-7297B919B74A}.Debug|x86.ActiveCfg = Debug|Any CPU
		{16365628-4D8F-42DB-9253-7297B919B74A}.Debug|x86.Build.0 = Debug|Any CPU
		{16365628-4D8F-42DB-9253-7297B919B74A}.Release|Any CPU.ActiveCfg = Release|Any CPU
		{16365628-4D8F-42DB-9253-7297B919B74A}.Release|Any CPU.Build.0 = Release|Any CPU
		{16365628-4D8F-42DB-9253-7297B919B74A}.Release|x64.ActiveCfg = Release|Any CPU
		{16365628-4D8F-42DB-9253-7297B919B74A}.Release|x64.Build.0 = Release|Any CPU
		{16365628-4D8F-42DB-9253-7297B919B74A}.Release|x86.ActiveCfg = Release|Any CPU
		{16365628-4D8F-42DB-9253-7297B919B74A}.Release|x86.Build.0 = Release|Any CPU
	EndGlobalSection
	GlobalSection(SolutionProperties) = preSolution
		HideSolutionNode = FALSE
	EndGlobalSection
	GlobalSection(ExtensibilityGlobals) = postSolution
		SolutionGuid = {9102F1EE-2496-4237-BA29-1840084D0F91}
	EndGlobalSection
EndGlobal
